
Microsoft Visual Studio Solution File, Format Version 12.00
# Visual Studio Version 17
VisualStudioVersion = 17.0.31903.59
MinimumVisualStudioVersion = 10.0.40219.1
Project("{2150E333-8FDC-42A3-9474-1A3956D46DE8}") = "src", "src", "{827E0CD3-B72D-47B6-A68D-7590B98EB39B}"
EndProject
Project("{FAE04EC0-301F-11D3-BF4B-00C04F79EFBC}") = "ReliableNotifications.Domain", "src\ReliableNotifications.Domain\ReliableNotifications.Domain.csproj", "{6AEC5989-C56C-43BF-8647-846F59EF6E53}"
EndProject
Project("{FAE04EC0-301F-11D3-BF4B-00C04F79EFBC}") = "ReliableNotifications.Application", "src\ReliableNotifications.Application\ReliableNotifications.Application.csproj", "{EDE303DA-D64C-4E73-911C-4757DA355BD3}"
EndProject
Project("{FAE04EC0-301F-11D3-BF4B-00C04F79EFBC}") = "ReliableNotifications.Infrastructure", "src\ReliableNotifications.Infrastructure\ReliableNotifications.Infrastructure.csproj", "{F8D4C1AA-EC2A-4E07-BC5C-96214FA93246}"
EndProject
Project("{FAE04EC0-301F-11D3-BF4B-00C04F79EFBC}") = "ReliableNotifications.Temporal", "src\ReliableNotifications.Temporal\ReliableNotifications.Temporal.csproj", "{1C101AD1-B1FA-4ED1-96A8-F6D6A72A71B0}"
EndProject
Project("{FAE04EC0-301F-11D3-BF4B-00C04F79EFBC}") = "ReliableNotifications.Api", "src\ReliableNotifications.Api\ReliableNotifications.Api.csproj", "{412C5A52-D77D-47DF-972C-981C107B9E17}"
EndProject
Project("{FAE04EC0-301F-11D3-BF4B-00C04F79EFBC}") = "ReliableNotifications.TemporalWorker", "src\ReliableNotifications.TemporalWorker\ReliableNotifications.TemporalWorker.csproj", "{08F5DFF2-AB88-4286-9F30-A4A4CA5BFEA0}"
EndProject
Global
	GlobalSection(SolutionConfigurationPlatforms) = preSolution
		Debug|Any CPU = Debug|Any CPU
		Debug|x64 = Debug|x64
		Debug|x86 = Debug|x86
		Release|Any CPU = Release|Any CPU
		Release|x64 = Release|x64
		Release|x86 = Release|x86
	EndGlobalSection
	GlobalSection(ProjectConfigurationPlatforms) = postSolution
		{6AEC5989-C56C-43BF-8647-846F59EF6E53}.Debug|Any CPU.ActiveCfg = Debug|Any CPU
		{6AEC5989-C56C-43BF-8647-846F59EF6E53}.Debug|Any CPU.Build.0 = Debug|Any CPU
		{6AEC5989-C56C-43BF-8647-846F59EF6E53}.Debug|x64.ActiveCfg = Debug|Any CPU
		{6AEC5989-C56C-43BF-8647-846F59EF6E53}.Debug|x64.Build.0 = Debug|Any CPU
		{6AEC5989-C56C-43BF-8647-846F59EF6E53}.Debug|x86.ActiveCfg = Debug|Any CPU
		{6AEC5989-C56C-43BF-8647-846F59EF6E53}.Debug|x86.Build.0 = Debug|Any CPU
		{6AEC5989-C56C-43BF-8647-846F59EF6E53}.Release|Any CPU.ActiveCfg = Release|Any CPU
		{6AEC5989-C56C-43BF-8647-846F59EF6E53}.Release|Any CPU.Build.0 = Release|Any CPU
		{6AEC5989-C56C-43BF-8647-846F59EF6E53}.Release|x64.ActiveCfg = Release|Any CPU
		{6AEC5989-C56C-43BF-8647-846F59EF6E53}.Release|x64.Build.0 = Release|Any CPU
		{6AEC5989-C56C-43BF-8647-846F59EF6E53}.Release|x86.ActiveCfg = Release|Any CPU
		{6AEC5989-C56C-43BF-8647-846F59EF6E53}.Release|x86.Build.0 = Release|Any CPU
		{EDE303DA-D64C-4E73-911C-4757DA355BD3}.Debug|Any CPU.ActiveCfg = Debug|Any CPU
		{EDE303DA-D64C-4E73-911C-4757DA355BD3}.Debug|Any CPU.Build.0 = Debug|Any CPU
		{EDE303DA-D64C-4E73-911C-4757DA355BD3}.Debug|x64.ActiveCfg = Debug|Any CPU
		{EDE303DA-D64C-4E73-911C-4757DA355BD3}.Debug|x64.Build.0 = Debug|Any CPU
		{EDE303DA-D64C-4E73-911C-4757DA355BD3}.Debug|x86.ActiveCfg = Debug|Any CPU
		{EDE303DA-D64C-4E73-911C-4757DA355BD3}.Debug|x86.Build.0 = Debug|Any CPU
		{EDE303DA-D64C-4E73-911C-4757DA355BD3}.Release|Any CPU.ActiveCfg = Release|Any CPU
		{EDE303DA-D64C-4E73-911C-4757DA355BD3}.Release|Any CPU.Build.0 = Release|Any CPU
		{EDE303DA-D64C-4E73-911C-4757DA355BD3}.Release|x64.ActiveCfg = Release|Any CPU
		{EDE303DA-D64C-4E73-911C-4757DA355BD3}.Release|x64.Build.0 = Release|Any CPU
		{EDE303DA-D64C-4E73-911C-4757DA355BD3}.Release|x86.ActiveCfg = Release|Any CPU
		{EDE303DA-D64C-4E73-911C-4757DA355BD3}.Release|x86.Build.0 = Release|Any CPU
		{F8D4C1AA-EC2A-4E07-BC5C-96214FA93246}.Debug|Any CPU.ActiveCfg = Debug|Any CPU
		{F8D4C1AA-EC2A-4E07-BC5C-96214FA93246}.Debug|Any CPU.Build.0 = Debug|Any CPU
		{F8D4C1AA-EC2A-4E07-BC5C-96214FA93246}.Debug|x64.ActiveCfg = Debug|Any CPU
		{F8D4C1AA-EC2A-4E07-BC5C-96214FA93246}.Debug|x64.Build.0 = Debug|Any CPU
		{F8D4C1AA-EC2A-4E07-BC5C-96214FA93246}.Debug|x86.ActiveCfg = Debug|Any CPU
		{F8D4C1AA-EC2A-4E07-BC5C-96214FA93246}.Debug|x86.Build.0 = Debug|Any CPU
		{F8D4C1AA-EC2A-4E07-BC5C-96214FA93246}.Release|Any CPU.ActiveCfg = Release|Any CPU
		{F8D4C1AA-EC2A-4E07-BC5C-96214FA93246}.Release|Any CPU.Build.0 = Release|Any CPU
		{F8D4C1AA-EC2A-4E07-BC5C-96214FA93246}.Release|x64.ActiveCfg = Release|Any CPU
		{F8D4C1AA-EC2A-4E07-BC5C-96214FA93246}.Release|x64.Build.0 = Release|Any CPU
		{F8D4C1AA-EC2A-4E07-BC5C-96214FA93246}.Release|x86.ActiveCfg = Release|Any CPU
		{F8D4C1AA-EC2A-4E07-BC5C-96214FA93246}.Release|x86.Build.0 = Release|Any CPU
		{1C101AD1-B1FA-4ED1-96A8-F6D6A72A71B0}.Debug|Any CPU.ActiveCfg = Debug|Any CPU
		{1C101AD1-B1FA-4ED1-96A8-F6D6A72A71B0}.Debug|Any CPU.Build.0 = Debug|Any CPU
		{1C101AD1-B1FA-4ED1-96A8-F6D6A72A71B0}.Debug|x64.ActiveCfg = Debug|Any CPU
		{1C101AD1-B1FA-4ED1-96A8-F6D6A72A71B0}.Debug|x64.Build.0 = Debug|Any CPU
		{1C101AD1-B1FA-4ED1-96A8-F6D6A72A71B0}.Debug|x86.ActiveCfg = Debug|Any CPU
		{1C101AD1-B1FA-4ED1-96A8-F6D6A72A71B0}.Debug|x86.Build.0 = Debug|Any CPU
		{1C101AD1-B1FA-4ED1-96A8-F6D6A72A71B0}.Release|Any CPU.ActiveCfg = Release|Any CPU
		{1C101AD1-B1FA-4ED1-96A8-F6D6A72A71B0}.Release|Any CPU.Build.0 = Release|Any CPU
		{1C101AD1-B1FA-4ED1-96A8-F6D6A72A71B0}.Release|x64.ActiveCfg = Release|Any CPU
		{1C101AD1-B1FA-4ED1-96A8-F6D6A72A71B0}.Release|x64.Build.0 = Release|Any CPU
		{1C101AD1-B1FA-4ED1-96A8-F6D6A72A71B0}.Release|x86.ActiveCfg = Release|Any CPU
		{1C101AD1-B1FA-4ED1-96A8-F6D6A72A71B0}.Release|x86.Build.0 = Release|Any CPU
		{412C5A52-D77D-47DF-972C-981C107B9E17}.Debug|Any CPU.ActiveCfg = Debug|Any CPU
		{412C5A52-D77D-47DF-972C-981C107B9E17}.Debug|Any CPU.Build.0 = Debug|Any CPU
		{412C5A52-D77D-47DF-972C-981C107B9E17}.Debug|x64.ActiveCfg = Debug|Any CPU
		{412C5A52-D77D-47DF-972C-981C107B9E17}.Debug|x64.Build.0 = Debug|Any CPU
		{412C5A52-D77D-47DF-972C-981C107B9E17}.Debug|x86.ActiveCfg = Debug|Any CPU
		{412C5A52-D77D-47DF-972C-981C107B9E17}.Debug|x86.Build.0 = Debug|Any CPU
		{412C5A52-D77D-47DF-972C-981C107B9E17}.Release|Any CPU.ActiveCfg = Release|Any CPU
		{412C5A52-D77D-47DF-972C-981C107B9E17}.Release|Any CPU.Build.0 = Release|Any CPU
		{412C5A52-D77D-47DF-972C-981C107B9E17}.Release|x64.ActiveCfg = Release|Any CPU
		{412C5A52-D77D-47DF-972C-981C107B9E17}.Release|x64.Build.0 = Release|Any CPU
		{412C5A52-D77D-47DF-972C-981C107B9E17}.Release|x86.ActiveCfg = Release|Any CPU
		{412C5A52-D77D-47DF-972C-981C107B9E17}.Release|x86.Build.0 = Release|Any CPU
		{08F5DFF2-AB88-4286-9F30-A4A4CA5BFEA0}.Debug|Any CPU.ActiveCfg = Debug|Any CPU
		{08F5DFF2-AB88-4286-9F30-A4A4CA5BFEA0}.Debug|Any CPU.Build.0 = Debug|Any CPU
		{08F5DFF2-AB88-4286-9F30-A4A4CA5BFEA0}.Debug|x64.ActiveCfg = Debug|Any CPU
		{08F5DFF2-AB88-4286-9F30-A4A4CA5BFEA0}.Debug|x64.Build.0 = Debug|Any CPU
		{08F5DFF2-AB88-4286-9F30-A4A4CA5BFEA0}.Debug|x86.ActiveCfg = Debug|Any CPU
		{08F5DFF2-AB88-4286-9F30-A4A4CA5BFEA0}.Debug|x86.Build.0 = Debug|Any CPU
		{08F5DFF2-AB88-4286-9F30-A4A4CA5BFEA0}.Release|Any CPU.ActiveCfg = Release|Any CPU
		{08F5DFF2-AB88-4286-9F30-A4A4CA5BFEA0}.Release|Any CPU.Build.0 = Release|Any CPU
		{08F5DFF2-AB88-4286-9F30-A4A4CA5BFEA0}.Release|x64.ActiveCfg = Release|Any CPU
		{08F5DFF2-AB88-4286-9F30-A4A4CA5BFEA0}.Release|x64.Build.0 = Release|Any CPU
		{08F5DFF2-AB88-4286-9F30-A4A4CA5BFEA0}.Release|x86.ActiveCfg = Release|Any CPU
		{08F5DFF2-AB88-4286-9F30-A4A4CA5BFEA0}.Release|x86.Build.0 = Release|Any CPU
	EndGlobalSection
	GlobalSection(SolutionProperties) = preSolution
		HideSolutionNode = FALSE
	EndGlobalSection
	GlobalSection(NestedProjects) = preSolution
		{6AEC5989-C56C-43BF-8647-846F59EF6E53} = {827E0CD3-B72D-47B6-A68D-7590B98EB39B}
		{EDE303DA-D64C-4E73-911C-4757DA355BD3} = {827E0CD3-B72D-47B6-A68D-7590B98EB39B}
		{F8D4C1AA-EC2A-4E07-BC5C-96214FA93246} = {827E0CD3-B72D-47B6-A68D-7590B98EB39B}
		{1C101AD1-B1FA-4ED1-96A8-F6D6A72A71B0} = {827E0CD3-B72D-47B6-A68D-7590B98EB39B}
		{412C5A52-D77D-47DF-972C-981C107B9E17} = {827E0CD3-B72D-47B6-A68D-7590B98EB39B}
		{08F5DFF2-AB88-4286-9F30-A4A4CA5BFEA0} = {827E0CD3-B72D-47B6-A68D-7590B98EB39B}
	EndGlobalSection
EndGlobal
